
Microsoft Visual Studio Solution File, Format Version 12.00
# Visual Studio 2017
Project("{FAE04EC0-301F-11D3-BF4B-00C04F79EFBC}") = "JumpingPlatformer", "JumpingPlatformer.csproj", "{38749D30-8ABD-7ADC-A6A3-75D39D146796}"
EndProject
Global
	GlobalSection(SolutionConfigurationPlatforms) = preSolution
		Debug|Any CPU = Debug|Any CPU
		Release|Any CPU = Release|Any CPU
	EndGlobalSection
	GlobalSection(ProjectConfigurationPlatforms) = postSolution
		{38749D30-8ABD-7ADC-A6A3-75D39D146796}.Debug|Any CPU.ActiveCfg = Debug|Any CPU
		{38749D30-8ABD-7ADC-A6A3-75D39D146796}.Debug|Any CPU.Build.0 = Debug|Any CPU
		{38749D30-8ABD-7ADC-A6A3-75D39D146796}.Release|Any CPU.ActiveCfg = Release|Any CPU
		{38749D30-8ABD-7ADC-A6A3-75D39D146796}.Release|Any CPU.Build.0 = Release|Any CPU
	EndGlobalSection
	GlobalSection(SolutionProperties) = preSolution
		HideSolutionNode = FALSE
	EndGlobalSection
EndGlobal
